
Microsoft Visual Studio Solution File, Format Version 12.00
# Visual Studio 15
VisualStudioVersion = 15.0.28010.2036
MinimumVisualStudioVersion = 10.0.40219.1
Project("{FAE04EC0-301F-11D3-BF4B-00C04F79EFBC}") = "Learning", "Learning\Learning.csproj", "{1DB7F574-385B-441D-93C6-6492C05D34AE}"
EndProject
Global
	GlobalSection(SolutionConfigurationPlatforms) = preSolution
		Debug|Any CPU = Debug|Any CPU
		Release|Any CPU = Release|Any CPU
	EndGlobalSection
	GlobalSection(ProjectConfigurationPlatforms) = postSolution
		{1DB7F574-385B-441D-93C6-6492C05D34AE}.Debug|Any CPU.ActiveCfg = Debug|Any CPU
		{1DB7F574-385B-441D-93C6-6492C05D34AE}.Debug|Any CPU.Build.0 = Debug|Any CPU
		{1DB7F574-385B-441D-93C6-6492C05D34AE}.Release|Any CPU.ActiveCfg = Release|Any CPU
		{1DB7F574-385B-441D-93C6-6492C05D34AE}.Release|Any CPU.Build.0 = Release|Any CPU
	EndGlobalSection
	GlobalSection(SolutionProperties) = preSolution
		HideSolutionNode = FALSE
	EndGlobalSection
	GlobalSection(ExtensibilityGlobals) = postSolution
		SolutionGuid = {3FFE0515-6048-4344-854F-272B1C314935}
	EndGlobalSection
EndGlobal
